
Microsoft Visual Studio Solution File, Format Version 12.00
# Visual Studio Version 17
VisualStudioVersion = 17.4.33403.182
MinimumVisualStudioVersion = 10.0.40219.1
Project("{FAE04EC0-301F-11D3-BF4B-00C04F79EFBC}") = "ConsoleApp2", "ConsoleApp2\ConsoleApp2.csproj", "{B6893265-45D7-4311-BEDA-214E53B9CB99}"
EndProject
Global
	GlobalSection(SolutionConfigurationPlatforms) = preSolution
		Debug|Any CPU = Debug|Any CPU
		Release|Any CPU = Release|Any CPU
	EndGlobalSection
	GlobalSection(ProjectConfigurationPlatforms) = postSolution
		{B6893265-45D7-4311-BEDA-214E53B9CB99}.Debug|Any CPU.ActiveCfg = Debug|Any CPU
		{B6893265-45D7-4311-BEDA-214E53B9CB99}.Debug|Any CPU.Build.0 = Debug|Any CPU
		{B6893265-45D7-4311-BEDA-214E53B9CB99}.Release|Any CPU.ActiveCfg = Release|Any CPU
		{B6893265-45D7-4311-BEDA-214E53B9CB99}.Release|Any CPU.Build.0 = Release|Any CPU
	EndGlobalSection
	GlobalSection(SolutionProperties) = preSolution
		HideSolutionNode = FALSE
	EndGlobalSection
	GlobalSection(ExtensibilityGlobals) = postSolution
		SolutionGuid = {5403937B-EAF6-48C5-BCE7-CDD0275ACAA0}
	EndGlobalSection
EndGlobal
